
Microsoft Visual Studio Solution File, Format Version 12.00
# Visual Studio Version 17
VisualStudioVersion = 17.12.35209.166
MinimumVisualStudioVersion = 10.0.40219.1
Project("{FAE04EC0-301F-11D3-BF4B-00C04F79EFBC}") = "Sobrade_kontaktandmed", "Sobrade_kontaktandmed.csproj", "{D94F31A2-5707-4F7E-B0B1-3EA0CB2D5928}"
EndProject
Global
	GlobalSection(SolutionConfigurationPlatforms) = preSolution
		Debug|Any CPU = Debug|Any CPU
		Release|Any CPU = Release|Any CPU
	EndGlobalSection
	GlobalSection(ProjectConfigurationPlatforms) = postSolution
		{D94F31A2-5707-4F7E-B0B1-3EA0CB2D5928}.Debug|Any CPU.ActiveCfg = Debug|Any CPU
		{D94F31A2-5707-4F7E-B0B1-3EA0CB2D5928}.Debug|Any CPU.Build.0 = Debug|Any CPU
		{D94F31A2-5707-4F7E-B0B1-3EA0CB2D5928}.Debug|Any CPU.Deploy.0 = Debug|Any CPU
		{D94F31A2-5707-4F7E-B0B1-3EA0CB2D5928}.Release|Any CPU.ActiveCfg = Release|Any CPU
		{D94F31A2-5707-4F7E-B0B1-3EA0CB2D5928}.Release|Any CPU.Build.0 = Release|Any CPU
		{D94F31A2-5707-4F7E-B0B1-3EA0CB2D5928}.Release|Any CPU.Deploy.0 = Release|Any CPU
	EndGlobalSection
	GlobalSection(SolutionProperties) = preSolution
		HideSolutionNode = FALSE
	EndGlobalSection
	GlobalSection(ExtensibilityGlobals) = postSolution
		SolutionGuid = {FAA8D9AF-36C2-49BE-B0DF-484AC254D42C}
	EndGlobalSection
EndGlobal
